
Microsoft Visual Studio Solution File, Format Version 12.00
# Visual Studio Version 17
VisualStudioVersion = 17.1.32228.430
MinimumVisualStudioVersion = 10.0.40219.1
Project("{FAE04EC0-301F-11D3-BF4B-00C04F79EFBC}") = "Person", "Person\Person.csproj", "{44766E43-6D80-4BDF-A03D-C6C6BE3210B2}"
EndProject
Project("{FAE04EC0-301F-11D3-BF4B-00C04F79EFBC}") = "APIGateway", "APIGateway\APIGateway.csproj", "{84BBD8C6-E104-498C-BC43-FC1CB44B7B7E}"
EndProject
Global
	GlobalSection(SolutionConfigurationPlatforms) = preSolution
		Debug|Any CPU = Debug|Any CPU
		Release|Any CPU = Release|Any CPU
	EndGlobalSection
	GlobalSection(ProjectConfigurationPlatforms) = postSolution
		{44766E43-6D80-4BDF-A03D-C6C6BE3210B2}.Debug|Any CPU.ActiveCfg = Debug|Any CPU
		{44766E43-6D80-4BDF-A03D-C6C6BE3210B2}.Debug|Any CPU.Build.0 = Debug|Any CPU
		{44766E43-6D80-4BDF-A03D-C6C6BE3210B2}.Release|Any CPU.ActiveCfg = Release|Any CPU
		{44766E43-6D80-4BDF-A03D-C6C6BE3210B2}.Release|Any CPU.Build.0 = Release|Any CPU
		{84BBD8C6-E104-498C-BC43-FC1CB44B7B7E}.Debug|Any CPU.ActiveCfg = Debug|Any CPU
		{84BBD8C6-E104-498C-BC43-FC1CB44B7B7E}.Debug|Any CPU.Build.0 = Debug|Any CPU
		{84BBD8C6-E104-498C-BC43-FC1CB44B7B7E}.Release|Any CPU.ActiveCfg = Release|Any CPU
		{84BBD8C6-E104-498C-BC43-FC1CB44B7B7E}.Release|Any CPU.Build.0 = Release|Any CPU
	EndGlobalSection
	GlobalSection(SolutionProperties) = preSolution
		HideSolutionNode = FALSE
	EndGlobalSection
	GlobalSection(ExtensibilityGlobals) = postSolution
		SolutionGuid = {1B6877DF-EEEC-4139-A0AF-908820B80850}
	EndGlobalSection
EndGlobal
